{
    "_readme": [
        "This file locks the dependencies of your project to a known state",
        "Read more about it at https://getcomposer.org/doc/01-basic-usage.md#installing-dependencies",
        "This file is @generated automatically"
    ],
    "content-hash": "9143cb954e46474bd0a3d03296e734fb",
    "packages": [],
    "packages-dev": [
        {
            "name": "lkrms/dice",
            "version": "v4.1.7",
            "source": {
                "type": "git",
                "url": "https://github.com/lkrms/Dice.git",
                "reference": "1f219484fcb55a8fab4943672f73f7993480bfea"
            },
            "dist": {
                "type": "zip",
                "url": "https://api.github.com/repos/lkrms/Dice/zipball/1f219484fcb55a8fab4943672f73f7993480bfea",
                "reference": "1f219484fcb55a8fab4943672f73f7993480bfea",
                "shasum": ""
            },
            "require": {
                "php": ">=7.0"
            },
            "require-dev": {
                "phpunit/phpunit": "^9"
            },
            "type": "library",
            "autoload": {
                "psr-4": {
                    "Dice\\": "src/"
                }
            },
            "notification-url": "https://packagist.org/downloads/",
            "license": [
                "BSD-2-Clause"
            ],
            "description": "A minimalist dependency injection container for PHP. Forked from level-2/dice.",
            "homepage": "https://github.com/lkrms/Dice",
            "keywords": [
                "container",
                "dependency injection",
                "di",
                "ioc"
            ],
            "support": {
                "source": "https://github.com/lkrms/Dice/tree/v4.1.7"
            },
            "time": "2023-11-05T22:53:14+00:00"
        },
        {
            "name": "lkrms/util",
            "version": "v0.21.2",
            "source": {
                "type": "git",
                "url": "https://github.com/lkrms/php-util.git",
                "reference": "3b5022cdcf585bce2ad333327a20c004f5577724"
            },
            "dist": {
                "type": "zip",
                "url": "https://api.github.com/repos/lkrms/php-util/zipball/3b5022cdcf585bce2ad333327a20c004f5577724",
                "reference": "3b5022cdcf585bce2ad333327a20c004f5577724",
                "shasum": ""
            },
            "require": {
                "composer-runtime-api": "^2.2",
                "lkrms/dice": "^4.1.6",
                "php": ">=7.4",
                "psr/container": "^2",
                "psr/log": "^1"
            },
            "require-dev": {
                "adodb/adodb-php": "^5.22",
                "analog/analog": "^1",
                "clue/phar-composer": "^1",
                "firebase/php-jwt": "^6",
                "league/oauth2-client": "^2",
                "phpstan/extension-installer": "^1",
                "phpstan/phpstan": "^1",
                "phpstan/phpstan-deprecation-rules": "^1",
                "phpunit/phpunit": "^9",
                "sebastian/diff": "^4 || ^5"
            },
            "suggest": {
                "adodb/adodb-php": "Required for access to databases",
                "analog/analog": "Allows Analog handlers to be used as console message targets",
                "clue/phar-composer": "Simplifies creation of phar archives",
                "firebase/php-jwt": "Required for validation of OAuth 2.0 access tokens",
                "league/oauth2-client": "Required for integration with OAuth 2.0 service providers"
            },
            "bin": [
                "bin/lk-util"
            ],
            "type": "library",
            "autoload": {
                "files": [
                    "bootstrap.php"
                ],
                "psr-4": {
                    "Lkrms\\": "src/"
                },
                "classmap": [
                    "stubs/"
                ]
            },
            "notification-url": "https://packagist.org/downloads/",
            "license": [
                "MIT"
            ],
            "description": "A lightweight PHP toolkit for expressive backend/CLI apps",
            "support": {
                "issues": "https://github.com/lkrms/php-util/issues",
                "source": "https://github.com/lkrms/php-util/tree/v0.21.2"
            },
            "time": "2023-11-07T11:00:33+00:00"
        },
        {
            "name": "psr/container",
            "version": "2.0.2",
            "source": {
                "type": "git",
                "url": "https://github.com/php-fig/container.git",
                "reference": "c71ecc56dfe541dbd90c5360474fbc405f8d5963"
            },
            "dist": {
                "type": "zip",
                "url": "https://api.github.com/repos/php-fig/container/zipball/c71ecc56dfe541dbd90c5360474fbc405f8d5963",
                "reference": "c71ecc56dfe541dbd90c5360474fbc405f8d5963",
                "shasum": ""
            },
            "require": {
                "php": ">=7.4.0"
            },
            "type": "library",
            "extra": {
                "branch-alias": {
                    "dev-master": "2.0.x-dev"
                }
            },
            "autoload": {
                "psr-4": {
                    "Psr\\Container\\": "src/"
                }
            },
            "notification-url": "https://packagist.org/downloads/",
            "license": [
                "MIT"
            ],
            "authors": [
                {
                    "name": "PHP-FIG",
                    "homepage": "https://www.php-fig.org/"
                }
            ],
            "description": "Common Container Interface (PHP FIG PSR-11)",
            "homepage": "https://github.com/php-fig/container",
            "keywords": [
                "PSR-11",
                "container",
                "container-interface",
                "container-interop",
                "psr"
            ],
            "support": {
                "issues": "https://github.com/php-fig/container/issues",
                "source": "https://github.com/php-fig/container/tree/2.0.2"
            },
            "time": "2021-11-05T16:47:00+00:00"
        },
        {
            "name": "psr/log",
            "version": "1.1.4",
            "source": {
                "type": "git",
                "url": "https://github.com/php-fig/log.git",
                "reference": "d49695b909c3b7628b6289db5479a1c204601f11"
            },
            "dist": {
                "type": "zip",
                "url": "https://api.github.com/repos/php-fig/log/zipball/d49695b909c3b7628b6289db5479a1c204601f11",
                "reference": "d49695b909c3b7628b6289db5479a1c204601f11",
                "shasum": ""
            },
            "require": {
                "php": ">=5.3.0"
            },
            "type": "library",
            "extra": {
                "branch-alias": {
                    "dev-master": "1.1.x-dev"
                }
            },
            "autoload": {
                "psr-4": {
                    "Psr\\Log\\": "Psr/Log/"
                }
            },
            "notification-url": "https://packagist.org/downloads/",
            "license": [
                "MIT"
            ],
            "authors": [
                {
                    "name": "PHP-FIG",
                    "homepage": "https://www.php-fig.org/"
                }
            ],
            "description": "Common interface for logging libraries",
            "homepage": "https://github.com/php-fig/log",
            "keywords": [
                "log",
                "psr",
                "psr-3"
            ],
            "support": {
                "source": "https://github.com/php-fig/log/tree/1.1.4"
            },
            "time": "2021-05-03T11:20:27+00:00"
        },
        {
            "name": "salient/changelog",
            "version": "v0.1.9",
            "source": {
                "type": "git",
                "url": "https://github.com/salient-labs/php-changelog.git",
                "reference": "a3cca868cdaff58bdca9cf0feb6c2dcf2d55e257"
            },
            "dist": {
                "type": "zip",
                "url": "https://api.github.com/repos/salient-labs/php-changelog/zipball/a3cca868cdaff58bdca9cf0feb6c2dcf2d55e257",
                "reference": "a3cca868cdaff58bdca9cf0feb6c2dcf2d55e257",
                "shasum": ""
            },
            "require": {
                "lkrms/util": "0.21.2",
                "php": ">=7.4"
            },
            "require-dev": {
                "phpstan/extension-installer": "^1",
                "phpstan/phpstan": "^1",
                "phpstan/phpstan-deprecation-rules": "^1",
                "phpunit/phpunit": "^9"
            },
            "bin": [
                "bin/changelog"
            ],
            "type": "library",
            "autoload": {
                "psr-4": {
                    "Salient\\Changelog\\": "src/"
                }
            },
            "notification-url": "https://packagist.org/downloads/",
            "license": [
                "MIT"
            ],
            "authors": [
                {
                    "name": "Luke Arms",
                    "email": "luke@linacreative.com"
                }
            ],
            "description": "Changelog generator",
            "support": {
                "issues": "https://github.com/salient-labs/php-changelog/issues",
                "source": "https://github.com/salient-labs/php-changelog"
            },
            "time": "2023-11-09T10:52:28+00:00"
        }
    ],
    "aliases": [],
    "minimum-stability": "stable",
    "stability-flags": [],
    "prefer-stable": false,
    "prefer-lowest": false,
    "platform": {
        "php": "^8.1"
    },
    "platform-dev": [],
    "platform-overrides": {
        "php": "8.1.2"
    },
    "plugin-api-version": "2.6.0"
}
