{
    "_readme": [
        "This file locks the dependencies of your project to a known state",
        "Read more about it at https://getcomposer.org/doc/01-basic-usage.md#installing-dependencies",
        "This file is @generated automatically"
    ],
    "content-hash": "764c1649efe29c832056cb8402820e20",
    "packages": [],
    "packages-dev": [
        {
            "name": "lkrms/dice",
            "version": "v4.1.7",
            "source": {
                "type": "git",
                "url": "https://github.com/lkrms/Dice.git",
                "reference": "1f219484fcb55a8fab4943672f73f7993480bfea"
            },
            "dist": {
                "type": "zip",
                "url": "https://api.github.com/repos/lkrms/Dice/zipball/1f219484fcb55a8fab4943672f73f7993480bfea",
                "reference": "1f219484fcb55a8fab4943672f73f7993480bfea",
                "shasum": ""
            },
            "require": {
                "php": ">=7.0"
            },
            "require-dev": {
                "phpunit/phpunit": "^9"
            },
            "type": "library",
            "autoload": {
                "psr-4": {
                    "Dice\\": "src/"
                }
            },
            "notification-url": "https://packagist.org/downloads/",
            "license": [
                "BSD-2-Clause"
            ],
            "description": "A minimalist dependency injection container for PHP. Forked from level-2/dice.",
            "homepage": "https://github.com/lkrms/Dice",
            "keywords": [
                "container",
                "dependency injection",
                "di",
                "ioc"
            ],
            "support": {
                "source": "https://github.com/lkrms/Dice/tree/v4.1.7"
            },
            "time": "2023-11-05T22:53:14+00:00"
        },
        {
            "name": "lkrms/pretty-php",
            "version": "v0.4.43",
            "source": {
                "type": "git",
                "url": "https://github.com/lkrms/pretty-php.git",
                "reference": "76d446610fec32867692af137db7872f8fd74c8c"
            },
            "dist": {
                "type": "zip",
                "url": "https://api.github.com/repos/lkrms/pretty-php/zipball/76d446610fec32867692af137db7872f8fd74c8c",
                "reference": "76d446610fec32867692af137db7872f8fd74c8c",
                "shasum": ""
            },
            "require": {
                "composer-runtime-api": "^2.2",
                "ext-json": "*",
                "ext-mbstring": "*",
                "ext-tokenizer": "*",
                "lkrms/util": "^0.20.87",
                "php": ">=7.4",
                "sebastian/diff": "^4 || ^5"
            },
            "require-dev": {
                "phpstan/extension-installer": "^1",
                "phpstan/phpstan": "^1",
                "phpstan/phpstan-deprecation-rules": "^1",
                "phpunit/phpunit": "^9"
            },
            "bin": [
                "bin/pretty-php"
            ],
            "type": "library",
            "autoload": {
                "files": [
                    "bootstrap.php"
                ],
                "psr-4": {
                    "Lkrms\\PrettyPHP\\": "src/"
                }
            },
            "notification-url": "https://packagist.org/downloads/",
            "license": [
                "MIT"
            ],
            "authors": [
                {
                    "name": "Luke Arms",
                    "email": "luke@linacreative.com"
                }
            ],
            "description": "The opinionated PHP code formatter",
            "support": {
                "issues": "https://github.com/lkrms/pretty-php/issues",
                "source": "https://github.com/lkrms/pretty-php"
            },
            "time": "2023-11-09T00:18:48+00:00"
        },
        {
            "name": "lkrms/util",
            "version": "v0.20.89",
            "source": {
                "type": "git",
                "url": "https://github.com/lkrms/php-util.git",
                "reference": "f7aa89587f1bcda27472948225c3595e128baa9d"
            },
            "dist": {
                "type": "zip",
                "url": "https://api.github.com/repos/lkrms/php-util/zipball/f7aa89587f1bcda27472948225c3595e128baa9d",
                "reference": "f7aa89587f1bcda27472948225c3595e128baa9d",
                "shasum": ""
            },
            "require": {
                "composer-runtime-api": "^2.2",
                "lkrms/dice": "^4.1.6",
                "php": ">=7.4",
                "psr/container": "^2",
                "psr/log": "^1"
            },
            "require-dev": {
                "adodb/adodb-php": "^5.22",
                "analog/analog": "^1",
                "clue/phar-composer": "^1",
                "firebase/php-jwt": "^6",
                "league/oauth2-client": "^2",
                "phpstan/extension-installer": "^1",
                "phpstan/phpstan": "^1",
                "phpstan/phpstan-deprecation-rules": "^1",
                "phpunit/phpunit": "^9",
                "sebastian/diff": "^4 || ^5"
            },
            "suggest": {
                "adodb/adodb-php": "Required for access to databases",
                "analog/analog": "Allows Analog handlers to be used as console message targets",
                "clue/phar-composer": "Simplifies creation of phar archives",
                "firebase/php-jwt": "Required for validation of OAuth 2.0 access tokens",
                "league/oauth2-client": "Required for integration with OAuth 2.0 service providers"
            },
            "bin": [
                "bin/lk-util"
            ],
            "type": "library",
            "autoload": {
                "files": [
                    "bootstrap.php"
                ],
                "psr-4": {
                    "Lkrms\\": "src/"
                },
                "classmap": [
                    "stubs/"
                ]
            },
            "notification-url": "https://packagist.org/downloads/",
            "license": [
                "MIT"
            ],
            "description": "A lightweight PHP toolkit for expressive backend/CLI apps",
            "support": {
                "issues": "https://github.com/lkrms/php-util/issues",
                "source": "https://github.com/lkrms/php-util/tree/v0.20.89"
            },
            "time": "2023-11-06T05:19:54+00:00"
        },
        {
            "name": "psr/container",
            "version": "2.0.2",
            "source": {
                "type": "git",
                "url": "https://github.com/php-fig/container.git",
                "reference": "c71ecc56dfe541dbd90c5360474fbc405f8d5963"
            },
            "dist": {
                "type": "zip",
                "url": "https://api.github.com/repos/php-fig/container/zipball/c71ecc56dfe541dbd90c5360474fbc405f8d5963",
                "reference": "c71ecc56dfe541dbd90c5360474fbc405f8d5963",
                "shasum": ""
            },
            "require": {
                "php": ">=7.4.0"
            },
            "type": "library",
            "extra": {
                "branch-alias": {
                    "dev-master": "2.0.x-dev"
                }
            },
            "autoload": {
                "psr-4": {
                    "Psr\\Container\\": "src/"
                }
            },
            "notification-url": "https://packagist.org/downloads/",
            "license": [
                "MIT"
            ],
            "authors": [
                {
                    "name": "PHP-FIG",
                    "homepage": "https://www.php-fig.org/"
                }
            ],
            "description": "Common Container Interface (PHP FIG PSR-11)",
            "homepage": "https://github.com/php-fig/container",
            "keywords": [
                "PSR-11",
                "container",
                "container-interface",
                "container-interop",
                "psr"
            ],
            "support": {
                "issues": "https://github.com/php-fig/container/issues",
                "source": "https://github.com/php-fig/container/tree/2.0.2"
            },
            "time": "2021-11-05T16:47:00+00:00"
        },
        {
            "name": "psr/log",
            "version": "1.1.4",
            "source": {
                "type": "git",
                "url": "https://github.com/php-fig/log.git",
                "reference": "d49695b909c3b7628b6289db5479a1c204601f11"
            },
            "dist": {
                "type": "zip",
                "url": "https://api.github.com/repos/php-fig/log/zipball/d49695b909c3b7628b6289db5479a1c204601f11",
                "reference": "d49695b909c3b7628b6289db5479a1c204601f11",
                "shasum": ""
            },
            "require": {
                "php": ">=5.3.0"
            },
            "type": "library",
            "extra": {
                "branch-alias": {
                    "dev-master": "1.1.x-dev"
                }
            },
            "autoload": {
                "psr-4": {
                    "Psr\\Log\\": "Psr/Log/"
                }
            },
            "notification-url": "https://packagist.org/downloads/",
            "license": [
                "MIT"
            ],
            "authors": [
                {
                    "name": "PHP-FIG",
                    "homepage": "https://www.php-fig.org/"
                }
            ],
            "description": "Common interface for logging libraries",
            "homepage": "https://github.com/php-fig/log",
            "keywords": [
                "log",
                "psr",
                "psr-3"
            ],
            "support": {
                "source": "https://github.com/php-fig/log/tree/1.1.4"
            },
            "time": "2021-05-03T11:20:27+00:00"
        },
        {
            "name": "sebastian/diff",
            "version": "5.0.3",
            "source": {
                "type": "git",
                "url": "https://github.com/sebastianbergmann/diff.git",
                "reference": "912dc2fbe3e3c1e7873313cc801b100b6c68c87b"
            },
            "dist": {
                "type": "zip",
                "url": "https://api.github.com/repos/sebastianbergmann/diff/zipball/912dc2fbe3e3c1e7873313cc801b100b6c68c87b",
                "reference": "912dc2fbe3e3c1e7873313cc801b100b6c68c87b",
                "shasum": ""
            },
            "require": {
                "php": ">=8.1"
            },
            "require-dev": {
                "phpunit/phpunit": "^10.0",
                "symfony/process": "^4.2 || ^5"
            },
            "type": "library",
            "extra": {
                "branch-alias": {
                    "dev-main": "5.0-dev"
                }
            },
            "autoload": {
                "classmap": [
                    "src/"
                ]
            },
            "notification-url": "https://packagist.org/downloads/",
            "license": [
                "BSD-3-Clause"
            ],
            "authors": [
                {
                    "name": "Sebastian Bergmann",
                    "email": "sebastian@phpunit.de"
                },
                {
                    "name": "Kore Nordmann",
                    "email": "mail@kore-nordmann.de"
                }
            ],
            "description": "Diff implementation",
            "homepage": "https://github.com/sebastianbergmann/diff",
            "keywords": [
                "diff",
                "udiff",
                "unidiff",
                "unified diff"
            ],
            "support": {
                "issues": "https://github.com/sebastianbergmann/diff/issues",
                "security": "https://github.com/sebastianbergmann/diff/security/policy",
                "source": "https://github.com/sebastianbergmann/diff/tree/5.0.3"
            },
            "funding": [
                {
                    "url": "https://github.com/sebastianbergmann",
                    "type": "github"
                }
            ],
            "time": "2023-05-01T07:48:21+00:00"
        }
    ],
    "aliases": [],
    "minimum-stability": "stable",
    "stability-flags": [],
    "prefer-stable": false,
    "prefer-lowest": false,
    "platform": {
        "php": "^8.1"
    },
    "platform-dev": [],
    "platform-overrides": {
        "php": "8.1.2"
    },
    "plugin-api-version": "2.6.0"
}
